
Microsoft Visual Studio Solution File, Format Version 12.00
# Visual Studio Version 17
VisualStudioVersion = 17.1.32407.343
MinimumVisualStudioVersion = 10.0.40219.1
Project("{9A19103F-16F7-4668-BE54-9A1E7A4F7556}") = "CorePDFReport", "CorePDFReport.csproj", "{00C276BA-A3DD-4644-B0E1-6144F1D8E1E0}"
EndProject
Global
	GlobalSection(SolutionConfigurationPlatforms) = preSolution
		Debug|Any CPU = Debug|Any CPU
		Release|Any CPU = Release|Any CPU
	EndGlobalSection
	GlobalSection(ProjectConfigurationPlatforms) = postSolution
		{00C276BA-A3DD-4644-B0E1-6144F1D8E1E0}.Debug|Any CPU.ActiveCfg = Debug|Any CPU
		{00C276BA-A3DD-4644-B0E1-6144F1D8E1E0}.Debug|Any CPU.Build.0 = Debug|Any CPU
		{00C276BA-A3DD-4644-B0E1-6144F1D8E1E0}.Release|Any CPU.ActiveCfg = Release|Any CPU
		{00C276BA-A3DD-4644-B0E1-6144F1D8E1E0}.Release|Any CPU.Build.0 = Release|Any CPU
	EndGlobalSection
	GlobalSection(SolutionProperties) = preSolution
		HideSolutionNode = FALSE
	EndGlobalSection
	GlobalSection(ExtensibilityGlobals) = postSolution
		SolutionGuid = {0D497542-B945-4DEF-9FAA-A0CE5B943AA9}
	EndGlobalSection
EndGlobal
